{
    "_readme": [
        "This file locks the dependencies of your project to a known state",
        "Read more about it at https://getcomposer.org/doc/01-basic-usage.md#composer-lock-the-lock-file",
        "This file is @generated automatically"
    ],
    "content-hash": "75037faf97eff6bdb3bf0a974bb55b8e",
    "packages": [
        {
            "name": "lukasztecza/lightApp",
            "version": "dev-master",
            "source": {
                "type": "git",
                "url": "https://github.com/lukasztecza/lightApp.git",
                "reference": "86cf5c540add203de394bbae34ed8bf6c3c9c004"
            },
            "dist": {
                "type": "zip",
                "url": "https://api.github.com/repos/lukasztecza/lightApp/zipball/86cf5c540add203de394bbae34ed8bf6c3c9c004",
                "reference": "86cf5c540add203de394bbae34ed8bf6c3c9c004",
                "shasum": ""
            },
            "require": {
                "php": ">=7.1"
            },
            "require-dev": {
                "codeception/codeception": "2.3.*"
            },
            "type": "library",
            "autoload": {
                "psr-4": {
                    "LightApp\\": "src/"
                }
            },
            "license": [
                "MIT"
            ],
            "authors": [
                {
                    "name": "Lukasz Tecza",
                    "email": "lukasztecza.pl@gmail.com",
                    "homepage": "http://lukasztecza.pl"
                }
            ],
            "description": "Light php application base",
            "keywords": [
                "app",
                "base",
                "dependency",
                "framework",
                "php"
            ],
            "support": {
                "source": "https://github.com/lukasztecza/lightApp/tree/1.2.4",
                "issues": "https://github.com/lukasztecza/lightApp/issues"
            },
            "time": "2018-09-04T17:40:44+00:00"
        }
    ],
    "packages-dev": [],
    "aliases": [],
    "minimum-stability": "stable",
    "stability-flags": {
        "lukasztecza/lightapp": 20
    },
    "prefer-stable": false,
    "prefer-lowest": false,
    "platform": [],
    "platform-dev": []
}
